
Microsoft Visual Studio Solution File, Format Version 12.00
# Visual Studio Version 17
VisualStudioVersion = 17.3.32811.315
MinimumVisualStudioVersion = 10.0.40219.1
Project("{8BC9CEB8-8B4A-11D0-8D11-00A0C91BC942}") = "BOJ_10886", "BOJ_10886.vcxproj", "{81CB0DB1-FA9D-4DF4-9A5E-752E83EF7182}"
EndProject
Global
	GlobalSection(SolutionConfigurationPlatforms) = preSolution
		Debug|x64 = Debug|x64
		Release|x64 = Release|x64
	EndGlobalSection
	GlobalSection(ProjectConfigurationPlatforms) = postSolution
		{81CB0DB1-FA9D-4DF4-9A5E-752E83EF7182}.Debug|x64.ActiveCfg = Debug|x64
		{81CB0DB1-FA9D-4DF4-9A5E-752E83EF7182}.Debug|x64.Build.0 = Debug|x64
		{81CB0DB1-FA9D-4DF4-9A5E-752E83EF7182}.Release|x64.ActiveCfg = Release|x64
		{81CB0DB1-FA9D-4DF4-9A5E-752E83EF7182}.Release|x64.Build.0 = Release|x64
	EndGlobalSection
	GlobalSection(SolutionProperties) = preSolution
		HideSolutionNode = FALSE
	EndGlobalSection
	GlobalSection(ExtensibilityGlobals) = postSolution
		SolutionGuid = {B8FFAFBD-6E29-4BCB-96AB-004A83D2AE7F}
	EndGlobalSection
EndGlobal
